
Microsoft Visual Studio Solution File, Format Version 12.00
# Visual Studio Version 17
VisualStudioVersion = 17.10.35027.167
MinimumVisualStudioVersion = 10.0.40219.1
Project("{FAE04EC0-301F-11D3-BF4B-00C04F79EFBC}") = "Multiplicar_2_numeros", "Multiplicar_2_numeros.csproj", "{4EAC6DD4-4419-4C0C-8D74-5DC12186AEFA}"
EndProject
Global
	GlobalSection(SolutionConfigurationPlatforms) = preSolution
		Debug|Any CPU = Debug|Any CPU
		Release|Any CPU = Release|Any CPU
	EndGlobalSection
	GlobalSection(ProjectConfigurationPlatforms) = postSolution
		{4EAC6DD4-4419-4C0C-8D74-5DC12186AEFA}.Debug|Any CPU.ActiveCfg = Debug|Any CPU
		{4EAC6DD4-4419-4C0C-8D74-5DC12186AEFA}.Debug|Any CPU.Build.0 = Debug|Any CPU
		{4EAC6DD4-4419-4C0C-8D74-5DC12186AEFA}.Release|Any CPU.ActiveCfg = Release|Any CPU
		{4EAC6DD4-4419-4C0C-8D74-5DC12186AEFA}.Release|Any CPU.Build.0 = Release|Any CPU
	EndGlobalSection
	GlobalSection(SolutionProperties) = preSolution
		HideSolutionNode = FALSE
	EndGlobalSection
	GlobalSection(ExtensibilityGlobals) = postSolution
		SolutionGuid = {711F7880-A6CB-4275-841E-BDE95E4733B7}
	EndGlobalSection
EndGlobal
