
Microsoft Visual Studio Solution File, Format Version 12.00
# Visual Studio Version 17
VisualStudioVersion = 17.10.35027.167
MinimumVisualStudioVersion = 10.0.40219.1
Project("{FAE04EC0-301F-11D3-BF4B-00C04F79EFBC}") = "Secuencia_fibonacci", "Secuencia_fibonacci.csproj", "{EEBC56ED-FA40-421F-AB04-76AA18A39239}"
EndProject
Global
	GlobalSection(SolutionConfigurationPlatforms) = preSolution
		Debug|Any CPU = Debug|Any CPU
		Release|Any CPU = Release|Any CPU
	EndGlobalSection
	GlobalSection(ProjectConfigurationPlatforms) = postSolution
		{EEBC56ED-FA40-421F-AB04-76AA18A39239}.Debug|Any CPU.ActiveCfg = Debug|Any CPU
		{EEBC56ED-FA40-421F-AB04-76AA18A39239}.Debug|Any CPU.Build.0 = Debug|Any CPU
		{EEBC56ED-FA40-421F-AB04-76AA18A39239}.Release|Any CPU.ActiveCfg = Release|Any CPU
		{EEBC56ED-FA40-421F-AB04-76AA18A39239}.Release|Any CPU.Build.0 = Release|Any CPU
	EndGlobalSection
	GlobalSection(SolutionProperties) = preSolution
		HideSolutionNode = FALSE
	EndGlobalSection
	GlobalSection(ExtensibilityGlobals) = postSolution
		SolutionGuid = {003ECDE6-DAA7-4E57-9077-A2B112E492CB}
	EndGlobalSection
EndGlobal
